
Microsoft Visual Studio Solution File, Format Version 12.00
# Visual Studio Version 17
VisualStudioVersion = 17.10.35122.118
MinimumVisualStudioVersion = 10.0.40219.1
Project("{FAE04EC0-301F-11D3-BF4B-00C04F79EFBC}") = "PROJECT_SEM3", "PROJECT_SEM3\PROJECT_SEM3.csproj", "{58D73BE0-9ACD-4328-AB88-2BD96F1B3574}"
EndProject
Global
	GlobalSection(SolutionConfigurationPlatforms) = preSolution
		Debug|Any CPU = Debug|Any CPU
		Release|Any CPU = Release|Any CPU
	EndGlobalSection
	GlobalSection(ProjectConfigurationPlatforms) = postSolution
		{58D73BE0-9ACD-4328-AB88-2BD96F1B3574}.Debug|Any CPU.ActiveCfg = Debug|Any CPU
		{58D73BE0-9ACD-4328-AB88-2BD96F1B3574}.Debug|Any CPU.Build.0 = Debug|Any CPU
		{58D73BE0-9ACD-4328-AB88-2BD96F1B3574}.Release|Any CPU.ActiveCfg = Release|Any CPU
		{58D73BE0-9ACD-4328-AB88-2BD96F1B3574}.Release|Any CPU.Build.0 = Release|Any CPU
	EndGlobalSection
	GlobalSection(SolutionProperties) = preSolution
		HideSolutionNode = FALSE
	EndGlobalSection
	GlobalSection(ExtensibilityGlobals) = postSolution
		SolutionGuid = {957E7BCF-E682-4DBE-BABE-7ABD4C0CFA5E}
	EndGlobalSection
EndGlobal
